
Microsoft Visual Studio Solution File, Format Version 12.00
Project("{FAE04EC0-301F-11D3-BF4B-00C04F79EFBC}") = "HelloWorldApi", "HelloWorldApi\HelloWorldApi.csproj", "{6065AB61-1828-4462-86AD-4CBBC9373EE4}"
EndProject
Project("{FAE04EC0-301F-11D3-BF4B-00C04F79EFBC}") = "SimpleHttpServer.Tests", "SimpleHttpServer.Tests\SimpleHttpServer.Tests.csproj", "{989EA837-0814-43B5-9E7F-5BA7C446C6B6}"
EndProject
Project("{FAE04EC0-301F-11D3-BF4B-00C04F79EFBC}") = "SimpleHttpServer", "SimpleHttpServer\SimpleHttpServer.csproj", "{99062CE3-F6E4-4CD5-90DA-9AE899FA7933}"
EndProject
Global
	GlobalSection(SolutionConfigurationPlatforms) = preSolution
		Debug|Any CPU = Debug|Any CPU
		Release|Any CPU = Release|Any CPU
	EndGlobalSection
	GlobalSection(ProjectConfigurationPlatforms) = postSolution
		{6065AB61-1828-4462-86AD-4CBBC9373EE4}.Debug|Any CPU.ActiveCfg = Debug|Any CPU
		{6065AB61-1828-4462-86AD-4CBBC9373EE4}.Debug|Any CPU.Build.0 = Debug|Any CPU
		{6065AB61-1828-4462-86AD-4CBBC9373EE4}.Release|Any CPU.ActiveCfg = Release|Any CPU
		{6065AB61-1828-4462-86AD-4CBBC9373EE4}.Release|Any CPU.Build.0 = Release|Any CPU
		{989EA837-0814-43B5-9E7F-5BA7C446C6B6}.Debug|Any CPU.ActiveCfg = Debug|Any CPU
		{989EA837-0814-43B5-9E7F-5BA7C446C6B6}.Debug|Any CPU.Build.0 = Debug|Any CPU
		{989EA837-0814-43B5-9E7F-5BA7C446C6B6}.Release|Any CPU.ActiveCfg = Release|Any CPU
		{989EA837-0814-43B5-9E7F-5BA7C446C6B6}.Release|Any CPU.Build.0 = Release|Any CPU
		{99062CE3-F6E4-4CD5-90DA-9AE899FA7933}.Debug|Any CPU.ActiveCfg = Debug|Any CPU
		{99062CE3-F6E4-4CD5-90DA-9AE899FA7933}.Debug|Any CPU.Build.0 = Debug|Any CPU
		{99062CE3-F6E4-4CD5-90DA-9AE899FA7933}.Release|Any CPU.ActiveCfg = Release|Any CPU
		{99062CE3-F6E4-4CD5-90DA-9AE899FA7933}.Release|Any CPU.Build.0 = Release|Any CPU
	EndGlobalSection
EndGlobal
